// !$*UTF8*$!
{
	archiveVersion = 1;
	classes = {
	};
	objectVersion = 46;
	objects = {

/* Begin PBXBuildFile section */
		112DA5E61BB9529600A8F3D2 /* CDynamicProgrammingStrategy.cpp in Sources */ = {isa = PBXBuildFile; fileRef = 112DA5D71BB9529600A8F3D2 /* CDynamicProgrammingStrategy.cpp */; settings = {ASSET_TAGS = (); }; };
		112DA5E81BB9529600A8F3D2 /* CMap.cpp in Sources */ = {isa = PBXBuildFile; fileRef = 112DA5DB1BB9529600A8F3D2 /* CMap.cpp */; settings = {ASSET_TAGS = (); }; };
		112DA5E91BB9529600A8F3D2 /* CPlayerState.cpp in Sources */ = {isa = PBXBuildFile; fileRef = 112DA5DD1BB9529600A8F3D2 /* CPlayerState.cpp */; settings = {ASSET_TAGS = (); }; };
		112DA5EA1BB9529600A8F3D2 /* CStateArray.cpp in Sources */ = {isa = PBXBuildFile; fileRef = 112DA5E01BB9529600A8F3D2 /* CStateArray.cpp */; settings = {ASSET_TAGS = (); }; };
		112DA5EB1BB9529600A8F3D2 /* CVector.cpp in Sources */ = {isa = PBXBuildFile; fileRef = 112DA5E21BB9529600A8F3D2 /* CVector.cpp */; settings = {ASSET_TAGS = (); }; };
		112DA5EC1BB9529600A8F3D2 /* main.cpp in Sources */ = {isa = PBXBuildFile; fileRef = 112DA5E41BB9529600A8F3D2 /* main.cpp */; settings = {ASSET_TAGS = (); }; };
		119F8BA31BCAB0D9009E19E8 /* CGame.cpp in Sources */ = {isa = PBXBuildFile; fileRef = 112DA5D91BB9529600A8F3D2 /* CGame.cpp */; };
		119F8BA41BCAB109009E19E8 /* CAStarStrategyOnYAGSBPL.cpp in Sources */ = {isa = PBXBuildFile; fileRef = 119F8B991BCA90D1009E19E8 /* CAStarStrategyOnYAGSBPL.cpp */; };
/* End PBXBuildFile section */

/* Begin PBXCopyFilesBuildPhase section */
		112DA5C91BB9525700A8F3D2 /* CopyFiles */ = {
			isa = PBXCopyFilesBuildPhase;
			buildActionMask = 2147483647;
			dstPath = /usr/share/man/man1/;
			dstSubfolderSpec = 0;
			files = (
			);
			runOnlyForDeploymentPostprocessing = 1;
		};
/* End PBXCopyFilesBuildPhase section */

/* Begin PBXFileReference section */
		112DA5CB1BB9525700A8F3D2 /* AI-ABBYY */ = {isa = PBXFileReference; explicitFileType = "compiled.mach-o.executable"; includeInIndex = 0; path = "AI-ABBYY"; sourceTree = BUILT_PRODUCTS_DIR; };
		112DA5D71BB9529600A8F3D2 /* CDynamicProgrammingStrategy.cpp */ = {isa = PBXFileReference; fileEncoding = 4; lastKnownFileType = sourcecode.cpp.cpp; name = CDynamicProgrammingStrategy.cpp; path = ../../../CDynamicProgrammingStrategy.cpp; sourceTree = "<group>"; };
		112DA5D81BB9529600A8F3D2 /* CDynamicProgrammingStrategy.h */ = {isa = PBXFileReference; fileEncoding = 4; lastKnownFileType = sourcecode.c.h; name = CDynamicProgrammingStrategy.h; path = ../../../CDynamicProgrammingStrategy.h; sourceTree = "<group>"; };
		112DA5D91BB9529600A8F3D2 /* CGame.cpp */ = {isa = PBXFileReference; fileEncoding = 4; lastKnownFileType = sourcecode.cpp.cpp; name = CGame.cpp; path = ../../../CGame.cpp; sourceTree = "<group>"; };
		112DA5DA1BB9529600A8F3D2 /* CGame.hpp */ = {isa = PBXFileReference; fileEncoding = 4; lastKnownFileType = sourcecode.cpp.h; name = CGame.hpp; path = ../../../CGame.hpp; sourceTree = "<group>"; };
		112DA5DB1BB9529600A8F3D2 /* CMap.cpp */ = {isa = PBXFileReference; fileEncoding = 4; lastKnownFileType = sourcecode.cpp.cpp; name = CMap.cpp; path = ../../../CMap.cpp; sourceTree = "<group>"; };
		112DA5DC1BB9529600A8F3D2 /* CMap.hpp */ = {isa = PBXFileReference; fileEncoding = 4; lastKnownFileType = sourcecode.cpp.h; name = CMap.hpp; path = ../../../CMap.hpp; sourceTree = "<group>"; };
		112DA5DD1BB9529600A8F3D2 /* CPlayerState.cpp */ = {isa = PBXFileReference; fileEncoding = 4; lastKnownFileType = sourcecode.cpp.cpp; name = CPlayerState.cpp; path = ../../../CPlayerState.cpp; sourceTree = "<group>"; };
		112DA5DE1BB9529600A8F3D2 /* CPlayerState.hpp */ = {isa = PBXFileReference; fileEncoding = 4; lastKnownFileType = sourcecode.cpp.h; name = CPlayerState.hpp; path = ../../../CPlayerState.hpp; sourceTree = "<group>"; };
		112DA5E01BB9529600A8F3D2 /* CStateArray.cpp */ = {isa = PBXFileReference; fileEncoding = 4; lastKnownFileType = sourcecode.cpp.cpp; name = CStateArray.cpp; path = ../../../CStateArray.cpp; sourceTree = "<group>"; };
		112DA5E11BB9529600A8F3D2 /* CStateArray.h */ = {isa = PBXFileReference; fileEncoding = 4; lastKnownFileType = sourcecode.c.h; name = CStateArray.h; path = ../../../CStateArray.h; sourceTree = "<group>"; };
		112DA5E21BB9529600A8F3D2 /* CVector.cpp */ = {isa = PBXFileReference; fileEncoding = 4; lastKnownFileType = sourcecode.cpp.cpp; name = CVector.cpp; path = ../../../CVector.cpp; sourceTree = "<group>"; };
		112DA5E31BB9529600A8F3D2 /* CVector.h */ = {isa = PBXFileReference; fileEncoding = 4; lastKnownFileType = sourcecode.c.h; name = CVector.h; path = ../../../CVector.h; sourceTree = "<group>"; };
		112DA5E41BB9529600A8F3D2 /* main.cpp */ = {isa = PBXFileReference; fileEncoding = 4; lastKnownFileType = sourcecode.cpp.cpp; name = main.cpp; path = ../../../main.cpp; sourceTree = "<group>"; };
		119F8B981BCA900C009E19E8 /* SNode.hpp */ = {isa = PBXFileReference; lastKnownFileType = sourcecode.cpp.h; name = SNode.hpp; path = ../../../SNode.hpp; sourceTree = "<group>"; };
		119F8B991BCA90D1009E19E8 /* CAStarStrategyOnYAGSBPL.cpp */ = {isa = PBXFileReference; fileEncoding = 4; lastKnownFileType = sourcecode.cpp.cpp; name = CAStarStrategyOnYAGSBPL.cpp; path = ../../../CAStarStrategyOnYAGSBPL.cpp; sourceTree = "<group>"; };
		119F8B9A1BCA90D1009E19E8 /* CAStarStrategyOnYAGSBPL.hpp */ = {isa = PBXFileReference; fileEncoding = 4; lastKnownFileType = sourcecode.cpp.h; name = CAStarStrategyOnYAGSBPL.hpp; path = ../../../CAStarStrategyOnYAGSBPL.hpp; sourceTree = "<group>"; };
		119F8B9C1BCA976A009E19E8 /* yagsbpl_base.cpp */ = {isa = PBXFileReference; fileEncoding = 4; lastKnownFileType = sourcecode.cpp.cpp; name = yagsbpl_base.cpp; path = "../../YAGSBPL-master/yagsbpl-2.1/yagsbpl_base.cpp"; sourceTree = "<group>"; };
		119F8B9D1BCA976A009E19E8 /* yagsbpl_base.h */ = {isa = PBXFileReference; fileEncoding = 4; lastKnownFileType = sourcecode.c.h; name = yagsbpl_base.h; path = "../../YAGSBPL-master/yagsbpl-2.1/yagsbpl_base.h"; sourceTree = "<group>"; };
		119F8B9E1BCA976A009E19E8 /* A_star.cpp */ = {isa = PBXFileReference; fileEncoding = 4; lastKnownFileType = sourcecode.cpp.cpp; name = A_star.cpp; path = "../../YAGSBPL-master/yagsbpl-2.1/planners/A_star.cpp"; sourceTree = "<group>"; };
		119F8B9F1BCA976A009E19E8 /* A_star.h */ = {isa = PBXFileReference; fileEncoding = 4; lastKnownFileType = sourcecode.c.h; name = A_star.h; path = "../../YAGSBPL-master/yagsbpl-2.1/planners/A_star.h"; sourceTree = "<group>"; };
/* End PBXFileReference section */

/* Begin PBXFrameworksBuildPhase section */
		112DA5C81BB9525700A8F3D2 /* Frameworks */ = {
			isa = PBXFrameworksBuildPhase;
			buildActionMask = 2147483647;
			files = (
			);
			runOnlyForDeploymentPostprocessing = 0;
		};
/* End PBXFrameworksBuildPhase section */

/* Begin PBXGroup section */
		112DA5C21BB9525700A8F3D2 = {
			isa = PBXGroup;
			children = (
				112DA5CD1BB9525700A8F3D2 /* AI-ABBYY */,
				112DA5CC1BB9525700A8F3D2 /* Products */,
			);
			sourceTree = "<group>";
		};
		112DA5CC1BB9525700A8F3D2 /* Products */ = {
			isa = PBXGroup;
			children = (
				112DA5CB1BB9525700A8F3D2 /* AI-ABBYY */,
			);
			name = Products;
			sourceTree = "<group>";
		};
		112DA5CD1BB9525700A8F3D2 /* AI-ABBYY */ = {
			isa = PBXGroup;
			children = (
				119F8BA21BCA9770009E19E8 /* YAGSBPL */,
				112DA5ED1BB9598800A8F3D2 /* Evgeny */,
				119F8B991BCA90D1009E19E8 /* CAStarStrategyOnYAGSBPL.cpp */,
				119F8B9A1BCA90D1009E19E8 /* CAStarStrategyOnYAGSBPL.hpp */,
				112DA5D91BB9529600A8F3D2 /* CGame.cpp */,
				112DA5DA1BB9529600A8F3D2 /* CGame.hpp */,
				112DA5DB1BB9529600A8F3D2 /* CMap.cpp */,
				112DA5DC1BB9529600A8F3D2 /* CMap.hpp */,
				112DA5DD1BB9529600A8F3D2 /* CPlayerState.cpp */,
				112DA5DE1BB9529600A8F3D2 /* CPlayerState.hpp */,
				119F8B981BCA900C009E19E8 /* SNode.hpp */,
				112DA5E41BB9529600A8F3D2 /* main.cpp */,
			);
			path = "AI-ABBYY";
			sourceTree = "<group>";
		};
		112DA5ED1BB9598800A8F3D2 /* Evgeny */ = {
			isa = PBXGroup;
			children = (
				112DA5D71BB9529600A8F3D2 /* CDynamicProgrammingStrategy.cpp */,
				112DA5D81BB9529600A8F3D2 /* CDynamicProgrammingStrategy.h */,
				112DA5E01BB9529600A8F3D2 /* CStateArray.cpp */,
				112DA5E11BB9529600A8F3D2 /* CStateArray.h */,
				112DA5E21BB9529600A8F3D2 /* CVector.cpp */,
				112DA5E31BB9529600A8F3D2 /* CVector.h */,
			);
			name = Evgeny;
			sourceTree = "<group>";
		};
		119F8BA21BCA9770009E19E8 /* YAGSBPL */ = {
			isa = PBXGroup;
			children = (
				119F8B9C1BCA976A009E19E8 /* yagsbpl_base.cpp */,
				119F8B9D1BCA976A009E19E8 /* yagsbpl_base.h */,
				119F8B9E1BCA976A009E19E8 /* A_star.cpp */,
				119F8B9F1BCA976A009E19E8 /* A_star.h */,
			);
			name = YAGSBPL;
			path = ..;
			sourceTree = "<group>";
		};
/* End PBXGroup section */

/* Begin PBXNativeTarget section */
		112DA5CA1BB9525700A8F3D2 /* AI-ABBYY */ = {
			isa = PBXNativeTarget;
			buildConfigurationList = 112DA5D21BB9525700A8F3D2 /* Build configuration list for PBXNativeTarget "AI-ABBYY" */;
			buildPhases = (
				112DA5C71BB9525700A8F3D2 /* Sources */,
				112DA5C81BB9525700A8F3D2 /* Frameworks */,
				112DA5C91BB9525700A8F3D2 /* CopyFiles */,
			);
			buildRules = (
			);
			dependencies = (
			);
			name = "AI-ABBYY";
			productName = "AI-ABBYY";
			productReference = 112DA5CB1BB9525700A8F3D2 /* AI-ABBYY */;
			productType = "com.apple.product-type.tool";
		};
/* End PBXNativeTarget section */

/* Begin PBXProject section */
		112DA5C31BB9525700A8F3D2 /* Project object */ = {
			isa = PBXProject;
			attributes = {
				LastUpgradeCheck = 0700;
				ORGANIZATIONNAME = "Alexander Danilyak";
				TargetAttributes = {
					112DA5CA1BB9525700A8F3D2 = {
						CreatedOnToolsVersion = 7.0;
					};
				};
			};
			buildConfigurationList = 112DA5C61BB9525700A8F3D2 /* Build configuration list for PBXProject "AI-ABBYY" */;
			compatibilityVersion = "Xcode 3.2";
			developmentRegion = English;
			hasScannedForEncodings = 0;
			knownRegions = (
				en,
			);
			mainGroup = 112DA5C21BB9525700A8F3D2;
			productRefGroup = 112DA5CC1BB9525700A8F3D2 /* Products */;
			projectDirPath = "";
			projectRoot = "";
			targets = (
				112DA5CA1BB9525700A8F3D2 /* AI-ABBYY */,
			);
		};
/* End PBXProject section */

/* Begin PBXSourcesBuildPhase section */
		112DA5C71BB9525700A8F3D2 /* Sources */ = {
			isa = PBXSourcesBuildPhase;
			buildActionMask = 2147483647;
			files = (
				119F8BA41BCAB109009E19E8 /* CAStarStrategyOnYAGSBPL.cpp in Sources */,
				119F8BA31BCAB0D9009E19E8 /* CGame.cpp in Sources */,
				112DA5EC1BB9529600A8F3D2 /* main.cpp in Sources */,
				112DA5EB1BB9529600A8F3D2 /* CVector.cpp in Sources */,
				112DA5E91BB9529600A8F3D2 /* CPlayerState.cpp in Sources */,
				112DA5EA1BB9529600A8F3D2 /* CStateArray.cpp in Sources */,
				112DA5E61BB9529600A8F3D2 /* CDynamicProgrammingStrategy.cpp in Sources */,
				112DA5E81BB9529600A8F3D2 /* CMap.cpp in Sources */,
			);
			runOnlyForDeploymentPostprocessing = 0;
		};
/* End PBXSourcesBuildPhase section */

/* Begin XCBuildConfiguration section */
		112DA5D01BB9525700A8F3D2 /* Debug */ = {
			isa = XCBuildConfiguration;
			buildSettings = {
				ALWAYS_SEARCH_USER_PATHS = NO;
				CLANG_CXX_LANGUAGE_STANDARD = "gnu++14";
				CLANG_CXX_LIBRARY = "libc++";
				CLANG_ENABLE_MODULES = YES;
				CLANG_ENABLE_OBJC_ARC = YES;
				CLANG_WARN_BOOL_CONVERSION = YES;
				CLANG_WARN_CONSTANT_CONVERSION = YES;
				CLANG_WARN_DIRECT_OBJC_ISA_USAGE = YES_ERROR;
				CLANG_WARN_EMPTY_BODY = YES;
				CLANG_WARN_ENUM_CONVERSION = YES;
				CLANG_WARN_INT_CONVERSION = YES;
				CLANG_WARN_OBJC_ROOT_CLASS = YES_ERROR;
				CLANG_WARN_UNREACHABLE_CODE = YES;
				CLANG_WARN__DUPLICATE_METHOD_MATCH = YES;
				COPY_PHASE_STRIP = NO;
				DEBUG_INFORMATION_FORMAT = dwarf;
				ENABLE_STRICT_OBJC_MSGSEND = YES;
				ENABLE_TESTABILITY = YES;
				GCC_C_LANGUAGE_STANDARD = gnu99;
				GCC_DYNAMIC_NO_PIC = NO;
				GCC_NO_COMMON_BLOCKS = YES;
				GCC_OPTIMIZATION_LEVEL = 0;
				GCC_PREPROCESSOR_DEFINITIONS = (
					"DEBUG=1",
					"$(inherited)",
				);
				GCC_WARN_64_TO_32_BIT_CONVERSION = YES;
				GCC_WARN_ABOUT_RETURN_TYPE = YES_ERROR;
				GCC_WARN_UNDECLARED_SELECTOR = YES;
				GCC_WARN_UNINITIALIZED_AUTOS = YES_AGGRESSIVE;
				GCC_WARN_UNUSED_FUNCTION = YES;
				GCC_WARN_UNUSED_VARIABLE = YES;
				MACOSX_DEPLOYMENT_TARGET = 10.10;
				MTL_ENABLE_DEBUG_INFO = YES;
				ONLY_ACTIVE_ARCH = YES;
				SDKROOT = macosx;
			};
			name = Debug;
		};
		112DA5D11BB9525700A8F3D2 /* Release */ = {
			isa = XCBuildConfiguration;
			buildSettings = {
				ALWAYS_SEARCH_USER_PATHS = NO;
				CLANG_CXX_LANGUAGE_STANDARD = "gnu++14";
				CLANG_CXX_LIBRARY = "libc++";
				CLANG_ENABLE_MODULES = YES;
				CLANG_ENABLE_OBJC_ARC = YES;
				CLANG_WARN_BOOL_CONVERSION = YES;
				CLANG_WARN_CONSTANT_CONVERSION = YES;
				CLANG_WARN_DIRECT_OBJC_ISA_USAGE = YES_ERROR;
				CLANG_WARN_EMPTY_BODY = YES;
				CLANG_WARN_ENUM_CONVERSION = YES;
				CLANG_WARN_INT_CONVERSION = YES;
				CLANG_WARN_OBJC_ROOT_CLASS = YES_ERROR;
				CLANG_WARN_UNREACHABLE_CODE = YES;
				CLANG_WARN__DUPLICATE_METHOD_MATCH = YES;
				COPY_PHASE_STRIP = NO;
				DEBUG_INFORMATION_FORMAT = "dwarf-with-dsym";
				ENABLE_NS_ASSERTIONS = NO;
				ENABLE_STRICT_OBJC_MSGSEND = YES;
				GCC_C_LANGUAGE_STANDARD = gnu99;
				GCC_NO_COMMON_BLOCKS = YES;
				GCC_WARN_64_TO_32_BIT_CONVERSION = YES;
				GCC_WARN_ABOUT_RETURN_TYPE = YES_ERROR;
				GCC_WARN_UNDECLARED_SELECTOR = YES;
				GCC_WARN_UNINITIALIZED_AUTOS = YES_AGGRESSIVE;
				GCC_WARN_UNUSED_FUNCTION = YES;
				GCC_WARN_UNUSED_VARIABLE = YES;
				MACOSX_DEPLOYMENT_TARGET = 10.10;
				MTL_ENABLE_DEBUG_INFO = NO;
				SDKROOT = macosx;
			};
			name = Release;
		};
		112DA5D31BB9525700A8F3D2 /* Debug */ = {
			isa = XCBuildConfiguration;
			buildSettings = {
				PRODUCT_NAME = "$(TARGET_NAME)";
			};
			name = Debug;
		};
		112DA5D41BB9525700A8F3D2 /* Release */ = {
			isa = XCBuildConfiguration;
			buildSettings = {
				PRODUCT_NAME = "$(TARGET_NAME)";
			};
			name = Release;
		};
/* End XCBuildConfiguration section */

/* Begin XCConfigurationList section */
		112DA5C61BB9525700A8F3D2 /* Build configuration list for PBXProject "AI-ABBYY" */ = {
			isa = XCConfigurationList;
			buildConfigurations = (
				112DA5D01BB9525700A8F3D2 /* Debug */,
				112DA5D11BB9525700A8F3D2 /* Release */,
			);
			defaultConfigurationIsVisible = 0;
			defaultConfigurationName = Release;
		};
		112DA5D21BB9525700A8F3D2 /* Build configuration list for PBXNativeTarget "AI-ABBYY" */ = {
			isa = XCConfigurationList;
			buildConfigurations = (
				112DA5D31BB9525700A8F3D2 /* Debug */,
				112DA5D41BB9525700A8F3D2 /* Release */,
			);
			defaultConfigurationIsVisible = 0;
			defaultConfigurationName = Release;
		};
/* End XCConfigurationList section */
	};
	rootObject = 112DA5C31BB9525700A8F3D2 /* Project object */;
}
